
Microsoft Visual Studio Solution File, Format Version 12.00
# Visual Studio Version 17
VisualStudioVersion = 17.9.34728.123
MinimumVisualStudioVersion = 10.0.40219.1
Project("{2150E333-8FDC-42A3-9474-1A3956D46DE8}") = "Services", "Services", "{695721CD-6DB0-411F-9148-6D1A0F01152F}"
EndProject
Project("{2150E333-8FDC-42A3-9474-1A3956D46DE8}") = "ProductService", "ProductService", "{05ECF0EF-7A5D-4455-AD74-9674302C89DC}"
EndProject
Project("{2150E333-8FDC-42A3-9474-1A3956D46DE8}") = "Communication", "Communication", "{81146AFB-A03A-4650-85A3-9E98421A40A4}"
EndProject
Project("{2150E333-8FDC-42A3-9474-1A3956D46DE8}") = "Database", "Database", "{48D0F043-2503-4BC9-BAAC-F01420A8D981}"
EndProject
Project("{2150E333-8FDC-42A3-9474-1A3956D46DE8}") = "Deployment", "Deployment", "{E807B71B-162C-4CB7-800A-5879C280BC42}"
EndProject
Project("{2150E333-8FDC-42A3-9474-1A3956D46DE8}") = "UserService", "UserService", "{C3E52850-E320-4EBE-B5B1-D2C1362E8467}"
EndProject
Project("{9A19103F-16F7-4668-BE54-9A1E7A4F7556}") = "User.API", "User.API\User.API.csproj", "{54B4A9E1-A727-4511-8C31-4C27CBE30503}"
EndProject
Project("{9A19103F-16F7-4668-BE54-9A1E7A4F7556}") = "User.Application", "User.Application\User.Application.csproj", "{2DA312F9-7A61-4B26-9AE5-35FABF703F64}"
EndProject
Project("{9A19103F-16F7-4668-BE54-9A1E7A4F7556}") = "User.Domain", "User.Domain\User.Domain.csproj", "{5AD4453C-0957-4553-AA00-E39103FE4C5A}"
EndProject
Project("{9A19103F-16F7-4668-BE54-9A1E7A4F7556}") = "User.Infrastructure", "User.Infrastructure\User.Infrastructure.csproj", "{0EC9F533-B577-49B8-9677-D93D42252A1E}"
EndProject
Project("{2150E333-8FDC-42A3-9474-1A3956D46DE8}") = "1 - API", "1 - API", "{427F7BFE-4395-4AF8-8415-6C05030F4F03}"
EndProject
Project("{2150E333-8FDC-42A3-9474-1A3956D46DE8}") = "2 - Application", "2 - Application", "{6690FF0A-6B66-4A13-83A7-E91037C0158D}"
EndProject
Project("{2150E333-8FDC-42A3-9474-1A3956D46DE8}") = "3 - Domain", "3 - Domain", "{C8EADEB1-7DB4-47B9-974C-3126E5E21631}"
EndProject
Project("{2150E333-8FDC-42A3-9474-1A3956D46DE8}") = "4 - Infrastrcture", "4 - Infrastrcture", "{16D8FDE5-FDA3-4B64-8D25-CB2294D7EC87}"
EndProject
Project("{2150E333-8FDC-42A3-9474-1A3956D46DE8}") = "5 - UnitTest", "5 - UnitTest", "{9C07024B-A1DF-4727-94BC-0AF99264E01A}"
EndProject
Project("{2150E333-8FDC-42A3-9474-1A3956D46DE8}") = "1 - API", "1 - API", "{74758FD0-807E-48E3-A33E-0B8122784377}"
EndProject
Project("{2150E333-8FDC-42A3-9474-1A3956D46DE8}") = "2 - Application", "2 - Application", "{82041513-1AC7-4B37-9164-1D2394260685}"
EndProject
Project("{2150E333-8FDC-42A3-9474-1A3956D46DE8}") = "3 - Domain", "3 - Domain", "{2478553E-5C58-4793-B255-44267CDE54D4}"
EndProject
Project("{2150E333-8FDC-42A3-9474-1A3956D46DE8}") = "4 - Infrastructure", "4 - Infrastructure", "{F9267F4A-BCC4-43F1-A232-CBD8746D6C6E}"
EndProject
Project("{2150E333-8FDC-42A3-9474-1A3956D46DE8}") = "5 - UnitTest", "5 - UnitTest", "{081A03F8-E778-4830-8C64-D3B5B43E5D57}"
EndProject
Project("{9A19103F-16F7-4668-BE54-9A1E7A4F7556}") = "Product.API", "Product.API\Product.API.csproj", "{97928B80-CB41-4DEC-96F2-BC7D672E7C87}"
EndProject
Project("{9A19103F-16F7-4668-BE54-9A1E7A4F7556}") = "Product.Application", "Product.Application\Product.Application.csproj", "{D318C16E-9699-4BDB-95A3-F9499A744E3B}"
EndProject
Project("{9A19103F-16F7-4668-BE54-9A1E7A4F7556}") = "Product.Domain", "Product.Domain\Product.Domain.csproj", "{AAE2BB20-877A-4525-8C89-FA2469330582}"
EndProject
Project("{9A19103F-16F7-4668-BE54-9A1E7A4F7556}") = "Product.Infrastrcture", "Product.Infrastrcture\Product.Infrastrcture.csproj", "{5E4AEFA4-D2FC-42AE-A76F-47B02B76CB37}"
EndProject
Global
	GlobalSection(SolutionConfigurationPlatforms) = preSolution
		Debug|Any CPU = Debug|Any CPU
		Release|Any CPU = Release|Any CPU
	EndGlobalSection
	GlobalSection(ProjectConfigurationPlatforms) = postSolution
		{54B4A9E1-A727-4511-8C31-4C27CBE30503}.Debug|Any CPU.ActiveCfg = Debug|Any CPU
		{54B4A9E1-A727-4511-8C31-4C27CBE30503}.Debug|Any CPU.Build.0 = Debug|Any CPU
		{54B4A9E1-A727-4511-8C31-4C27CBE30503}.Release|Any CPU.ActiveCfg = Release|Any CPU
		{54B4A9E1-A727-4511-8C31-4C27CBE30503}.Release|Any CPU.Build.0 = Release|Any CPU
		{2DA312F9-7A61-4B26-9AE5-35FABF703F64}.Debug|Any CPU.ActiveCfg = Debug|Any CPU
		{2DA312F9-7A61-4B26-9AE5-35FABF703F64}.Debug|Any CPU.Build.0 = Debug|Any CPU
		{2DA312F9-7A61-4B26-9AE5-35FABF703F64}.Release|Any CPU.ActiveCfg = Release|Any CPU
		{2DA312F9-7A61-4B26-9AE5-35FABF703F64}.Release|Any CPU.Build.0 = Release|Any CPU
		{5AD4453C-0957-4553-AA00-E39103FE4C5A}.Debug|Any CPU.ActiveCfg = Debug|Any CPU
		{5AD4453C-0957-4553-AA00-E39103FE4C5A}.Debug|Any CPU.Build.0 = Debug|Any CPU
		{5AD4453C-0957-4553-AA00-E39103FE4C5A}.Release|Any CPU.ActiveCfg = Release|Any CPU
		{5AD4453C-0957-4553-AA00-E39103FE4C5A}.Release|Any CPU.Build.0 = Release|Any CPU
		{0EC9F533-B577-49B8-9677-D93D42252A1E}.Debug|Any CPU.ActiveCfg = Debug|Any CPU
		{0EC9F533-B577-49B8-9677-D93D42252A1E}.Debug|Any CPU.Build.0 = Debug|Any CPU
		{0EC9F533-B577-49B8-9677-D93D42252A1E}.Release|Any CPU.ActiveCfg = Release|Any CPU
		{0EC9F533-B577-49B8-9677-D93D42252A1E}.Release|Any CPU.Build.0 = Release|Any CPU
		{97928B80-CB41-4DEC-96F2-BC7D672E7C87}.Debug|Any CPU.ActiveCfg = Debug|Any CPU
		{97928B80-CB41-4DEC-96F2-BC7D672E7C87}.Debug|Any CPU.Build.0 = Debug|Any CPU
		{97928B80-CB41-4DEC-96F2-BC7D672E7C87}.Release|Any CPU.ActiveCfg = Release|Any CPU
		{97928B80-CB41-4DEC-96F2-BC7D672E7C87}.Release|Any CPU.Build.0 = Release|Any CPU
		{D318C16E-9699-4BDB-95A3-F9499A744E3B}.Debug|Any CPU.ActiveCfg = Debug|Any CPU
		{D318C16E-9699-4BDB-95A3-F9499A744E3B}.Debug|Any CPU.Build.0 = Debug|Any CPU
		{D318C16E-9699-4BDB-95A3-F9499A744E3B}.Release|Any CPU.ActiveCfg = Release|Any CPU
		{D318C16E-9699-4BDB-95A3-F9499A744E3B}.Release|Any CPU.Build.0 = Release|Any CPU
		{AAE2BB20-877A-4525-8C89-FA2469330582}.Debug|Any CPU.ActiveCfg = Debug|Any CPU
		{AAE2BB20-877A-4525-8C89-FA2469330582}.Debug|Any CPU.Build.0 = Debug|Any CPU
		{AAE2BB20-877A-4525-8C89-FA2469330582}.Release|Any CPU.ActiveCfg = Release|Any CPU
		{AAE2BB20-877A-4525-8C89-FA2469330582}.Release|Any CPU.Build.0 = Release|Any CPU
		{5E4AEFA4-D2FC-42AE-A76F-47B02B76CB37}.Debug|Any CPU.ActiveCfg = Debug|Any CPU
		{5E4AEFA4-D2FC-42AE-A76F-47B02B76CB37}.Debug|Any CPU.Build.0 = Debug|Any CPU
		{5E4AEFA4-D2FC-42AE-A76F-47B02B76CB37}.Release|Any CPU.ActiveCfg = Release|Any CPU
		{5E4AEFA4-D2FC-42AE-A76F-47B02B76CB37}.Release|Any CPU.Build.0 = Release|Any CPU
	EndGlobalSection
	GlobalSection(SolutionProperties) = preSolution
		HideSolutionNode = FALSE
	EndGlobalSection
	GlobalSection(NestedProjects) = preSolution
		{05ECF0EF-7A5D-4455-AD74-9674302C89DC} = {695721CD-6DB0-411F-9148-6D1A0F01152F}
		{C3E52850-E320-4EBE-B5B1-D2C1362E8467} = {695721CD-6DB0-411F-9148-6D1A0F01152F}
		{54B4A9E1-A727-4511-8C31-4C27CBE30503} = {74758FD0-807E-48E3-A33E-0B8122784377}
		{2DA312F9-7A61-4B26-9AE5-35FABF703F64} = {82041513-1AC7-4B37-9164-1D2394260685}
		{5AD4453C-0957-4553-AA00-E39103FE4C5A} = {2478553E-5C58-4793-B255-44267CDE54D4}
		{0EC9F533-B577-49B8-9677-D93D42252A1E} = {F9267F4A-BCC4-43F1-A232-CBD8746D6C6E}
		{427F7BFE-4395-4AF8-8415-6C05030F4F03} = {05ECF0EF-7A5D-4455-AD74-9674302C89DC}
		{6690FF0A-6B66-4A13-83A7-E91037C0158D} = {05ECF0EF-7A5D-4455-AD74-9674302C89DC}
		{C8EADEB1-7DB4-47B9-974C-3126E5E21631} = {05ECF0EF-7A5D-4455-AD74-9674302C89DC}
		{16D8FDE5-FDA3-4B64-8D25-CB2294D7EC87} = {05ECF0EF-7A5D-4455-AD74-9674302C89DC}
		{9C07024B-A1DF-4727-94BC-0AF99264E01A} = {05ECF0EF-7A5D-4455-AD74-9674302C89DC}
		{74758FD0-807E-48E3-A33E-0B8122784377} = {C3E52850-E320-4EBE-B5B1-D2C1362E8467}
		{82041513-1AC7-4B37-9164-1D2394260685} = {C3E52850-E320-4EBE-B5B1-D2C1362E8467}
		{2478553E-5C58-4793-B255-44267CDE54D4} = {C3E52850-E320-4EBE-B5B1-D2C1362E8467}
		{F9267F4A-BCC4-43F1-A232-CBD8746D6C6E} = {C3E52850-E320-4EBE-B5B1-D2C1362E8467}
		{081A03F8-E778-4830-8C64-D3B5B43E5D57} = {C3E52850-E320-4EBE-B5B1-D2C1362E8467}
		{97928B80-CB41-4DEC-96F2-BC7D672E7C87} = {427F7BFE-4395-4AF8-8415-6C05030F4F03}
		{D318C16E-9699-4BDB-95A3-F9499A744E3B} = {6690FF0A-6B66-4A13-83A7-E91037C0158D}
		{AAE2BB20-877A-4525-8C89-FA2469330582} = {C8EADEB1-7DB4-47B9-974C-3126E5E21631}
		{5E4AEFA4-D2FC-42AE-A76F-47B02B76CB37} = {16D8FDE5-FDA3-4B64-8D25-CB2294D7EC87}
	EndGlobalSection
	GlobalSection(ExtensibilityGlobals) = postSolution
		SolutionGuid = {EB7A8032-78B2-41F1-AB0A-446FB76545E6}
	EndGlobalSection
EndGlobal
